
Microsoft Visual Studio Solution File, Format Version 12.00
# Visual Studio Version 16
VisualStudioVersion = 16.0.30114.105
MinimumVisualStudioVersion = 10.0.40219.1
Project("{FAE04EC0-301F-11D3-BF4B-00C04F79EFBC}") = "CRUDTimeOffRequests", "CRUDTimeOffRequests\CRUDTimeOffRequests.csproj", "{D2EEE127-1850-44F6-841A-908EEC6BB6EF}"
EndProject
Project("{2150E333-8FDC-42A3-9474-1A3956D46DE8}") = "Data", "Data", "{E31179B3-B56E-450B-A936-953291E1578B}"
EndProject
Project("{FAE04EC0-301F-11D3-BF4B-00C04F79EFBC}") = "Context", "Context\Context.csproj", "{2C5AD5C0-1672-4258-B39D-5030643D10AC}"
EndProject
Project("{FAE04EC0-301F-11D3-BF4B-00C04F79EFBC}") = "Domain", "Domain\Domain.csproj", "{FFE4A94C-DFC3-41DC-AD09-9912C998181D}"
EndProject
Project("{FAE04EC0-301F-11D3-BF4B-00C04F79EFBC}") = "Repository", "Repository\Repository.csproj", "{CC62FC48-FC2D-4931-9E61-A71FF8D07A03}"
EndProject
Project("{2150E333-8FDC-42A3-9474-1A3956D46DE8}") = "Services", "Services", "{206AB2B5-282D-4455-934B-E39EC205A8E8}"
EndProject
Project("{FAE04EC0-301F-11D3-BF4B-00C04F79EFBC}") = "ApplicationServices", "ApplicationServices\ApplicationServices.csproj", "{5A0BB458-98A7-49FC-8CCC-8312E39B6B5F}"
EndProject
Global
	GlobalSection(SolutionConfigurationPlatforms) = preSolution
		Debug|Any CPU = Debug|Any CPU
		Release|Any CPU = Release|Any CPU
	EndGlobalSection
	GlobalSection(ProjectConfigurationPlatforms) = postSolution
		{D2EEE127-1850-44F6-841A-908EEC6BB6EF}.Debug|Any CPU.ActiveCfg = Debug|Any CPU
		{D2EEE127-1850-44F6-841A-908EEC6BB6EF}.Debug|Any CPU.Build.0 = Debug|Any CPU
		{D2EEE127-1850-44F6-841A-908EEC6BB6EF}.Release|Any CPU.ActiveCfg = Release|Any CPU
		{D2EEE127-1850-44F6-841A-908EEC6BB6EF}.Release|Any CPU.Build.0 = Release|Any CPU
		{2C5AD5C0-1672-4258-B39D-5030643D10AC}.Debug|Any CPU.ActiveCfg = Debug|Any CPU
		{2C5AD5C0-1672-4258-B39D-5030643D10AC}.Debug|Any CPU.Build.0 = Debug|Any CPU
		{2C5AD5C0-1672-4258-B39D-5030643D10AC}.Release|Any CPU.ActiveCfg = Release|Any CPU
		{2C5AD5C0-1672-4258-B39D-5030643D10AC}.Release|Any CPU.Build.0 = Release|Any CPU
		{FFE4A94C-DFC3-41DC-AD09-9912C998181D}.Debug|Any CPU.ActiveCfg = Debug|Any CPU
		{FFE4A94C-DFC3-41DC-AD09-9912C998181D}.Debug|Any CPU.Build.0 = Debug|Any CPU
		{FFE4A94C-DFC3-41DC-AD09-9912C998181D}.Release|Any CPU.ActiveCfg = Release|Any CPU
		{FFE4A94C-DFC3-41DC-AD09-9912C998181D}.Release|Any CPU.Build.0 = Release|Any CPU
		{CC62FC48-FC2D-4931-9E61-A71FF8D07A03}.Debug|Any CPU.ActiveCfg = Debug|Any CPU
		{CC62FC48-FC2D-4931-9E61-A71FF8D07A03}.Debug|Any CPU.Build.0 = Debug|Any CPU
		{CC62FC48-FC2D-4931-9E61-A71FF8D07A03}.Release|Any CPU.ActiveCfg = Release|Any CPU
		{CC62FC48-FC2D-4931-9E61-A71FF8D07A03}.Release|Any CPU.Build.0 = Release|Any CPU
		{5A0BB458-98A7-49FC-8CCC-8312E39B6B5F}.Debug|Any CPU.ActiveCfg = Debug|Any CPU
		{5A0BB458-98A7-49FC-8CCC-8312E39B6B5F}.Debug|Any CPU.Build.0 = Debug|Any CPU
		{5A0BB458-98A7-49FC-8CCC-8312E39B6B5F}.Release|Any CPU.ActiveCfg = Release|Any CPU
		{5A0BB458-98A7-49FC-8CCC-8312E39B6B5F}.Release|Any CPU.Build.0 = Release|Any CPU
	EndGlobalSection
	GlobalSection(SolutionProperties) = preSolution
		HideSolutionNode = FALSE
	EndGlobalSection
	GlobalSection(NestedProjects) = preSolution
		{2C5AD5C0-1672-4258-B39D-5030643D10AC} = {E31179B3-B56E-450B-A936-953291E1578B}
		{FFE4A94C-DFC3-41DC-AD09-9912C998181D} = {E31179B3-B56E-450B-A936-953291E1578B}
		{CC62FC48-FC2D-4931-9E61-A71FF8D07A03} = {E31179B3-B56E-450B-A936-953291E1578B}
		{5A0BB458-98A7-49FC-8CCC-8312E39B6B5F} = {206AB2B5-282D-4455-934B-E39EC205A8E8}
	EndGlobalSection
	GlobalSection(ExtensibilityGlobals) = postSolution
		SolutionGuid = {AF47A8DD-7D1A-460D-88CC-1D0891BF72B5}
	EndGlobalSection
EndGlobal
